// !$*UTF8*$!
{
	archiveVersion = 1;
	classes = {
	};
	objectVersion = 77;
	objects = {

/* Begin PBXContainerItemProxy section */
		8BA4997C2EBBE329008B3F9B /* PBXContainerItemProxy */ = {
			isa = PBXContainerItemProxy;
			containerPortal = 8BA499662EBBE327008B3F9B /* Project object */;
			proxyType = 1;
			remoteGlobalIDString = 8BA4996D2EBBE327008B3F9B;
			remoteInfo = Caretaker;
		};
		8BA499862EBBE329008B3F9B /* PBXContainerItemProxy */ = {
			isa = PBXContainerItemProxy;
			containerPortal = 8BA499662EBBE327008B3F9B /* Project object */;
			proxyType = 1;
			remoteGlobalIDString = 8BA4996D2EBBE327008B3F9B;
			remoteInfo = Caretaker;
		};
/* End PBXContainerItemProxy section */

/* Begin PBXFileReference section */
		8BA4996E2EBBE327008B3F9B /* Caretaker.app */ = {isa = PBXFileReference; explicitFileType = wrapper.application; includeInIndex = 0; path = Caretaker.app; sourceTree = BUILT_PRODUCTS_DIR; };
		8BA4997B2EBBE329008B3F9B /* CaretakerTests.xctest */ = {isa = PBXFileReference; explicitFileType = wrapper.cfbundle; includeInIndex = 0; path = CaretakerTests.xctest; sourceTree = BUILT_PRODUCTS_DIR; };
		8BA499852EBBE329008B3F9B /* CaretakerUITests.xctest */ = {isa = PBXFileReference; explicitFileType = wrapper.cfbundle; includeInIndex = 0; path = CaretakerUITests.xctest; sourceTree = BUILT_PRODUCTS_DIR; };
/* End PBXFileReference section */

/* Begin PBXFileSystemSynchronizedRootGroup section */
		8BA499702EBBE327008B3F9B /* Caretaker */ = {
			isa = PBXFileSystemSynchronizedRootGroup;
			path = Caretaker;
			sourceTree = "<group>";
		};
		8BA4997E2EBBE329008B3F9B /* CaretakerTests */ = {
			isa = PBXFileSystemSynchronizedRootGroup;
			path = CaretakerTests;
			sourceTree = "<group>";
		};
		8BA499882EBBE329008B3F9B /* CaretakerUITests */ = {
			isa = PBXFileSystemSynchronizedRootGroup;
			path = CaretakerUITests;
			sourceTree = "<group>";
		};
/* End PBXFileSystemSynchronizedRootGroup section */

/* Begin PBXFrameworksBuildPhase section */
		8BA4996B2EBBE327008B3F9B /* Frameworks */ = {
			isa = PBXFrameworksBuildPhase;
			buildActionMask = 2147483647;
			files = (
			);
			runOnlyForDeploymentPostprocessing = 0;
		};
		8BA499782EBBE329008B3F9B /* Frameworks */ = {
			isa = PBXFrameworksBuildPhase;
			buildActionMask = 2147483647;
			files = (
			);
			runOnlyForDeploymentPostprocessing = 0;
		};
		8BA499822EBBE329008B3F9B /* Frameworks */ = {
			isa = PBXFrameworksBuildPhase;
			buildActionMask = 2147483647;
			files = (
			);
			runOnlyForDeploymentPostprocessing = 0;
		};
/* End PBXFrameworksBuildPhase section */

/* Begin PBXGroup section */
		8BA499652EBBE327008B3F9B = {
			isa = PBXGroup;
			children = (
				8BA499702EBBE327008B3F9B /* Caretaker */,
				8BA4997E2EBBE329008B3F9B /* CaretakerTests */,
				8BA499882EBBE329008B3F9B /* CaretakerUITests */,
				8BA4996F2EBBE327008B3F9B /* Products */,
			);
			sourceTree = "<group>";
		};
		8BA4996F2EBBE327008B3F9B /* Products */ = {
			isa = PBXGroup;
			children = (
				8BA4996E2EBBE327008B3F9B /* Caretaker.app */,
				8BA4997B2EBBE329008B3F9B /* CaretakerTests.xctest */,
				8BA499852EBBE329008B3F9B /* CaretakerUITests.xctest */,
			);
			name = Products;
			sourceTree = "<group>";
		};
/* End PBXGroup section */

/* Begin PBXNativeTarget section */
		8BA4996D2EBBE327008B3F9B /* Caretaker */ = {
			isa = PBXNativeTarget;
			buildConfigurationList = 8BA4998F2EBBE329008B3F9B /* Build configuration list for PBXNativeTarget "Caretaker" */;
			buildPhases = (
				8BA4996A2EBBE327008B3F9B /* Sources */,
				8BA4996B2EBBE327008B3F9B /* Frameworks */,
				8BA4996C2EBBE327008B3F9B /* Resources */,
			);
			buildRules = (
			);
			dependencies = (
			);
			fileSystemSynchronizedGroups = (
				8BA499702EBBE327008B3F9B /* Caretaker */,
			);
			name = Caretaker;
			packageProductDependencies = (
			);
			productName = Caretaker;
			productReference = 8BA4996E2EBBE327008B3F9B /* Caretaker.app */;
			productType = "com.apple.product-type.application";
		};
		8BA4997A2EBBE329008B3F9B /* CaretakerTests */ = {
			isa = PBXNativeTarget;
			buildConfigurationList = 8BA499922EBBE329008B3F9B /* Build configuration list for PBXNativeTarget "CaretakerTests" */;
			buildPhases = (
				8BA499772EBBE329008B3F9B /* Sources */,
				8BA499782EBBE329008B3F9B /* Frameworks */,
				8BA499792EBBE329008B3F9B /* Resources */,
			);
			buildRules = (
			);
			dependencies = (
				8BA4997D2EBBE329008B3F9B /* PBXTargetDependency */,
			);
			fileSystemSynchronizedGroups = (
				8BA4997E2EBBE329008B3F9B /* CaretakerTests */,
			);
			name = CaretakerTests;
			packageProductDependencies = (
			);
			productName = CaretakerTests;
			productReference = 8BA4997B2EBBE329008B3F9B /* CaretakerTests.xctest */;
			productType = "com.apple.product-type.bundle.unit-test";
		};
		8BA499842EBBE329008B3F9B /* CaretakerUITests */ = {
			isa = PBXNativeTarget;
			buildConfigurationList = 8BA499952EBBE329008B3F9B /* Build configuration list for PBXNativeTarget "CaretakerUITests" */;
			buildPhases = (
				8BA499812EBBE329008B3F9B /* Sources */,
				8BA499822EBBE329008B3F9B /* Frameworks */,
				8BA499832EBBE329008B3F9B /* Resources */,
			);
			buildRules = (
			);
			dependencies = (
				8BA499872EBBE329008B3F9B /* PBXTargetDependency */,
			);
			fileSystemSynchronizedGroups = (
				8BA499882EBBE329008B3F9B /* CaretakerUITests */,
			);
			name = CaretakerUITests;
			packageProductDependencies = (
			);
			productName = CaretakerUITests;
			productReference = 8BA499852EBBE329008B3F9B /* CaretakerUITests.xctest */;
			productType = "com.apple.product-type.bundle.ui-testing";
		};
/* End PBXNativeTarget section */

/* Begin PBXProject section */
		8BA499662EBBE327008B3F9B /* Project object */ = {
			isa = PBXProject;
			attributes = {
				BuildIndependentTargetsInParallel = 1;
				LastSwiftUpdateCheck = 1640;
				LastUpgradeCheck = 1640;
				TargetAttributes = {
					8BA4996D2EBBE327008B3F9B = {
						CreatedOnToolsVersion = 16.4;
					};
					8BA4997A2EBBE329008B3F9B = {
						CreatedOnToolsVersion = 16.4;
						TestTargetID = 8BA4996D2EBBE327008B3F9B;
					};
					8BA499842EBBE329008B3F9B = {
						CreatedOnToolsVersion = 16.4;
						TestTargetID = 8BA4996D2EBBE327008B3F9B;
					};
				};
			};
			buildConfigurationList = 8BA499692EBBE327008B3F9B /* Build configuration list for PBXProject "Caretaker" */;
			developmentRegion = en;
			hasScannedForEncodings = 0;
			knownRegions = (
				en,
				Base,
			);
			mainGroup = 8BA499652EBBE327008B3F9B;
			minimizedProjectReferenceProxies = 1;
			preferredProjectObjectVersion = 77;
			productRefGroup = 8BA4996F2EBBE327008B3F9B /* Products */;
			projectDirPath = "";
			projectRoot = "";
			targets = (
				8BA4996D2EBBE327008B3F9B /* Caretaker */,
				8BA4997A2EBBE329008B3F9B /* CaretakerTests */,
				8BA499842EBBE329008B3F9B /* CaretakerUITests */,
			);
		};
/* End PBXProject section */

/* Begin PBXResourcesBuildPhase section */
		8BA4996C2EBBE327008B3F9B /* Resources */ = {
			isa = PBXResourcesBuildPhase;
			buildActionMask = 2147483647;
			files = (
			);
			runOnlyForDeploymentPostprocessing = 0;
		};
		8BA499792EBBE329008B3F9B /* Resources */ = {
			isa = PBXResourcesBuildPhase;
			buildActionMask = 2147483647;
			files = (
			);
			runOnlyForDeploymentPostprocessing = 0;
		};
		8BA499832EBBE329008B3F9B /* Resources */ = {
			isa = PBXResourcesBuildPhase;
			buildActionMask = 2147483647;
			files = (
			);
			runOnlyForDeploymentPostprocessing = 0;
		};
/* End PBXResourcesBuildPhase section */

/* Begin PBXSourcesBuildPhase section */
		8BA4996A2EBBE327008B3F9B /* Sources */ = {
			isa = PBXSourcesBuildPhase;
			buildActionMask = 2147483647;
			files = (
			);
			runOnlyForDeploymentPostprocessing = 0;
		};
		8BA499772EBBE329008B3F9B /* Sources */ = {
			isa = PBXSourcesBuildPhase;
			buildActionMask = 2147483647;
			files = (
			);
			runOnlyForDeploymentPostprocessing = 0;
		};
		8BA499812EBBE329008B3F9B /* Sources */ = {
			isa = PBXSourcesBuildPhase;
			buildActionMask = 2147483647;
			files = (
			);
			runOnlyForDeploymentPostprocessing = 0;
		};
/* End PBXSourcesBuildPhase section */

/* Begin PBXTargetDependency section */
		8BA4997D2EBBE329008B3F9B /* PBXTargetDependency */ = {
			isa = PBXTargetDependency;
			target = 8BA4996D2EBBE327008B3F9B /* Caretaker */;
			targetProxy = 8BA4997C2EBBE329008B3F9B /* PBXContainerItemProxy */;
		};
		8BA499872EBBE329008B3F9B /* PBXTargetDependency */ = {
			isa = PBXTargetDependency;
			target = 8BA4996D2EBBE327008B3F9B /* Caretaker */;
			targetProxy = 8BA499862EBBE329008B3F9B /* PBXContainerItemProxy */;
		};
/* End PBXTargetDependency section */

/* Begin XCBuildConfiguration section */
		8BA4998D2EBBE329008B3F9B /* Debug */ = {
			isa = XCBuildConfiguration;
			buildSettings = {
				ALWAYS_SEARCH_USER_PATHS = NO;
				ASSETCATALOG_COMPILER_GENERATE_SWIFT_ASSET_SYMBOL_EXTENSIONS = YES;
				CLANG_ANALYZER_NONNULL = YES;
				CLANG_ANALYZER_NUMBER_OBJECT_CONVERSION = YES_AGGRESSIVE;
				CLANG_CXX_LANGUAGE_STANDARD = "gnu++20";
				CLANG_ENABLE_MODULES = YES;
				CLANG_ENABLE_OBJC_ARC = YES;
				CLANG_ENABLE_OBJC_WEAK = YES;
				CLANG_WARN_BLOCK_CAPTURE_AUTORELEASING = YES;
				CLANG_WARN_BOOL_CONVERSION = YES;
				CLANG_WARN_COMMA = YES;
				CLANG_WARN_CONSTANT_CONVERSION = YES;
				CLANG_WARN_DEPRECATED_OBJC_IMPLEMENTATIONS = YES;
				CLANG_WARN_DIRECT_OBJC_ISA_USAGE = YES_ERROR;
				CLANG_WARN_DOCUMENTATION_COMMENTS = YES;
				CLANG_WARN_EMPTY_BODY = YES;
				CLANG_WARN_ENUM_CONVERSION = YES;
				CLANG_WARN_INFINITE_RECURSION = YES;
				CLANG_WARN_INT_CONVERSION = YES;
				CLANG_WARN_NON_LITERAL_NULL_CONVERSION = YES;
				CLANG_WARN_OBJC_IMPLICIT_RETAIN_SELF = YES;
				CLANG_WARN_OBJC_LITERAL_CONVERSION = YES;
				CLANG_WARN_OBJC_ROOT_CLASS = YES_ERROR;
				CLANG_WARN_QUOTED_INCLUDE_IN_FRAMEWORK_HEADER = YES;
				CLANG_WARN_RANGE_LOOP_ANALYSIS = YES;
				CLANG_WARN_STRICT_PROTOTYPES = YES;
				CLANG_WARN_SUSPICIOUS_MOVE = YES;
				CLANG_WARN_UNGUARDED_AVAILABILITY = YES_AGGRESSIVE;
				CLANG_WARN_UNREACHABLE_CODE = YES;
				CLANG_WARN__DUPLICATE_METHOD_MATCH = YES;
				COPY_PHASE_STRIP = NO;
				DEBUG_INFORMATION_FORMAT = dwarf;
				ENABLE_STRICT_OBJC_MSGSEND = YES;
				ENABLE_TESTABILITY = YES;
				ENABLE_USER_SCRIPT_SANDBOXING = YES;
				GCC_C_LANGUAGE_STANDARD = gnu17;
				GCC_DYNAMIC_NO_PIC = NO;
				GCC_NO_COMMON_BLOCKS = YES;
				GCC_OPTIMIZATION_LEVEL = 0;
				GCC_PREPROCESSOR_DEFINITIONS = (
					"DEBUG=1",
					"$(inherited)",
				);
				GCC_WARN_64_TO_32_BIT_CONVERSION = YES;
				GCC_WARN_ABOUT_RETURN_TYPE = YES_ERROR;
				GCC_WARN_UNDECLARED_SELECTOR = YES;
				GCC_WARN_UNINITIALIZED_AUTOS = YES_AGGRESSIVE;
				GCC_WARN_UNUSED_FUNCTION = YES;
				GCC_WARN_UNUSED_VARIABLE = YES;
				IPHONEOS_DEPLOYMENT_TARGET = 18.5;
				LOCALIZATION_PREFERS_STRING_CATALOGS = YES;
				MTL_ENABLE_DEBUG_INFO = INCLUDE_SOURCE;
				MTL_FAST_MATH = YES;
				ONLY_ACTIVE_ARCH = YES;
				SDKROOT = iphoneos;
				SWIFT_ACTIVE_COMPILATION_CONDITIONS = "DEBUG $(inherited)";
				SWIFT_OPTIMIZATION_LEVEL = "-Onone";
			};
			name = Debug;
		};
		8BA4998E2EBBE329008B3F9B /* Release */ = {
			isa = XCBuildConfiguration;
			buildSettings = {
				ALWAYS_SEARCH_USER_PATHS = NO;
				ASSETCATALOG_COMPILER_GENERATE_SWIFT_ASSET_SYMBOL_EXTENSIONS = YES;
				CLANG_ANALYZER_NONNULL = YES;
				CLANG_ANALYZER_NUMBER_OBJECT_CONVERSION = YES_AGGRESSIVE;
				CLANG_CXX_LANGUAGE_STANDARD = "gnu++20";
				CLANG_ENABLE_MODULES = YES;
				CLANG_ENABLE_OBJC_ARC = YES;
				CLANG_ENABLE_OBJC_WEAK = YES;
				CLANG_WARN_BLOCK_CAPTURE_AUTORELEASING = YES;
				CLANG_WARN_BOOL_CONVERSION = YES;
				CLANG_WARN_COMMA = YES;
				CLANG_WARN_CONSTANT_CONVERSION = YES;
				CLANG_WARN_DEPRECATED_OBJC_IMPLEMENTATIONS = YES;
				CLANG_WARN_DIRECT_OBJC_ISA_USAGE = YES_ERROR;
				CLANG_WARN_DOCUMENTATION_COMMENTS = YES;
				CLANG_WARN_EMPTY_BODY = YES;
				CLANG_WARN_ENUM_CONVERSION = YES;
				CLANG_WARN_INFINITE_RECURSION = YES;
				CLANG_WARN_INT_CONVERSION = YES;
				CLANG_WARN_NON_LITERAL_NULL_CONVERSION = YES;
				CLANG_WARN_OBJC_IMPLICIT_RETAIN_SELF = YES;
				CLANG_WARN_OBJC_LITERAL_CONVERSION = YES;
				CLANG_WARN_OBJC_ROOT_CLASS = YES_ERROR;
				CLANG_WARN_QUOTED_INCLUDE_IN_FRAMEWORK_HEADER = YES;
				CLANG_WARN_RANGE_LOOP_ANALYSIS = YES;
				CLANG_WARN_STRICT_PROTOTYPES = YES;
				CLANG_WARN_SUSPICIOUS_MOVE = YES;
				CLANG_WARN_UNGUARDED_AVAILABILITY = YES_AGGRESSIVE;
				CLANG_WARN_UNREACHABLE_CODE = YES;
				CLANG_WARN__DUPLICATE_METHOD_MATCH = YES;
				COPY_PHASE_STRIP = NO;
				DEBUG_INFORMATION_FORMAT = "dwarf-with-dsym";
				ENABLE_NS_ASSERTIONS = NO;
				ENABLE_STRICT_OBJC_MSGSEND = YES;
				ENABLE_USER_SCRIPT_SANDBOXING = YES;
				GCC_C_LANGUAGE_STANDARD = gnu17;
				GCC_NO_COMMON_BLOCKS = YES;
				GCC_WARN_64_TO_32_BIT_CONVERSION = YES;
				GCC_WARN_ABOUT_RETURN_TYPE = YES_ERROR;
				GCC_WARN_UNDECLARED_SELECTOR = YES;
				GCC_WARN_UNINITIALIZED_AUTOS = YES_AGGRESSIVE;
				GCC_WARN_UNUSED_FUNCTION = YES;
				GCC_WARN_UNUSED_VARIABLE = YES;
				IPHONEOS_DEPLOYMENT_TARGET = 18.5;
				LOCALIZATION_PREFERS_STRING_CATALOGS = YES;
				MTL_ENABLE_DEBUG_INFO = NO;
				MTL_FAST_MATH = YES;
				SDKROOT = iphoneos;
				SWIFT_COMPILATION_MODE = wholemodule;
				VALIDATE_PRODUCT = YES;
			};
			name = Release;
		};
		8BA499902EBBE329008B3F9B /* Debug */ = {
			isa = XCBuildConfiguration;
			buildSettings = {
				ASSETCATALOG_COMPILER_APPICON_NAME = AppIcon;
				ASSETCATALOG_COMPILER_GLOBAL_ACCENT_COLOR_NAME = AccentColor;
				CODE_SIGN_STYLE = Automatic;
				CURRENT_PROJECT_VERSION = 1;
				ENABLE_PREVIEWS = YES;
				GENERATE_INFOPLIST_FILE = YES;
				INFOPLIST_KEY_UIApplicationSceneManifest_Generation = YES;
				INFOPLIST_KEY_UIApplicationSupportsIndirectInputEvents = YES;
				INFOPLIST_KEY_UILaunchScreen_Generation = YES;
				INFOPLIST_KEY_UISupportedInterfaceOrientations_iPad = "UIInterfaceOrientationPortrait UIInterfaceOrientationPortraitUpsideDown UIInterfaceOrientationLandscapeLeft UIInterfaceOrientationLandscapeRight";
				INFOPLIST_KEY_UISupportedInterfaceOrientations_iPhone = "UIInterfaceOrientationPortrait UIInterfaceOrientationLandscapeLeft UIInterfaceOrientationLandscapeRight";
				LD_RUNPATH_SEARCH_PATHS = (
					"$(inherited)",
					"@executable_path/Frameworks",
				);
				MARKETING_VERSION = 1.0;
				PRODUCT_BUNDLE_IDENTIFIER = cse321.Caretaker;
				PRODUCT_NAME = "$(TARGET_NAME)";
				SWIFT_EMIT_LOC_STRINGS = YES;
				SWIFT_VERSION = 5.0;
				TARGETED_DEVICE_FAMILY = "1,2";
			};
			name = Debug;
		};
		8BA499912EBBE329008B3F9B /* Release */ = {
			isa = XCBuildConfiguration;
			buildSettings = {
				ASSETCATALOG_COMPILER_APPICON_NAME = AppIcon;
				ASSETCATALOG_COMPILER_GLOBAL_ACCENT_COLOR_NAME = AccentColor;
				CODE_SIGN_STYLE = Automatic;
				CURRENT_PROJECT_VERSION = 1;
				ENABLE_PREVIEWS = YES;
				GENERATE_INFOPLIST_FILE = YES;
				INFOPLIST_KEY_UIApplicationSceneManifest_Generation = YES;
				INFOPLIST_KEY_UIApplicationSupportsIndirectInputEvents = YES;
				INFOPLIST_KEY_UILaunchScreen_Generation = YES;
				INFOPLIST_KEY_UISupportedInterfaceOrientations_iPad = "UIInterfaceOrientationPortrait UIInterfaceOrientationPortraitUpsideDown UIInterfaceOrientationLandscapeLeft UIInterfaceOrientationLandscapeRight";
				INFOPLIST_KEY_UISupportedInterfaceOrientations_iPhone = "UIInterfaceOrientationPortrait UIInterfaceOrientationLandscapeLeft UIInterfaceOrientationLandscapeRight";
				LD_RUNPATH_SEARCH_PATHS = (
					"$(inherited)",
					"@executable_path/Frameworks",
				);
				MARKETING_VERSION = 1.0;
				PRODUCT_BUNDLE_IDENTIFIER = cse321.Caretaker;
				PRODUCT_NAME = "$(TARGET_NAME)";
				SWIFT_EMIT_LOC_STRINGS = YES;
				SWIFT_VERSION = 5.0;
				TARGETED_DEVICE_FAMILY = "1,2";
			};
			name = Release;
		};
		8BA499932EBBE329008B3F9B /* Debug */ = {
			isa = XCBuildConfiguration;
			buildSettings = {
				BUNDLE_LOADER = "$(TEST_HOST)";
				CODE_SIGN_STYLE = Automatic;
				CURRENT_PROJECT_VERSION = 1;
				GENERATE_INFOPLIST_FILE = YES;
				IPHONEOS_DEPLOYMENT_TARGET = 18.5;
				MARKETING_VERSION = 1.0;
				PRODUCT_BUNDLE_IDENTIFIER = cse321.CaretakerTests;
				PRODUCT_NAME = "$(TARGET_NAME)";
				SWIFT_EMIT_LOC_STRINGS = NO;
				SWIFT_VERSION = 5.0;
				TARGETED_DEVICE_FAMILY = "1,2";
				TEST_HOST = "$(BUILT_PRODUCTS_DIR)/Caretaker.app/$(BUNDLE_EXECUTABLE_FOLDER_PATH)/Caretaker";
			};
			name = Debug;
		};
		8BA499942EBBE329008B3F9B /* Release */ = {
			isa = XCBuildConfiguration;
			buildSettings = {
				BUNDLE_LOADER = "$(TEST_HOST)";
				CODE_SIGN_STYLE = Automatic;
				CURRENT_PROJECT_VERSION = 1;
				GENERATE_INFOPLIST_FILE = YES;
				IPHONEOS_DEPLOYMENT_TARGET = 18.5;
				MARKETING_VERSION = 1.0;
				PRODUCT_BUNDLE_IDENTIFIER = cse321.CaretakerTests;
				PRODUCT_NAME = "$(TARGET_NAME)";
				SWIFT_EMIT_LOC_STRINGS = NO;
				SWIFT_VERSION = 5.0;
				TARGETED_DEVICE_FAMILY = "1,2";
				TEST_HOST = "$(BUILT_PRODUCTS_DIR)/Caretaker.app/$(BUNDLE_EXECUTABLE_FOLDER_PATH)/Caretaker";
			};
			name = Release;
		};
		8BA499962EBBE329008B3F9B /* Debug */ = {
			isa = XCBuildConfiguration;
			buildSettings = {
				CODE_SIGN_STYLE = Automatic;
				CURRENT_PROJECT_VERSION = 1;
				GENERATE_INFOPLIST_FILE = YES;
				MARKETING_VERSION = 1.0;
				PRODUCT_BUNDLE_IDENTIFIER = cse321.CaretakerUITests;
				PRODUCT_NAME = "$(TARGET_NAME)";
				SWIFT_EMIT_LOC_STRINGS = NO;
				SWIFT_VERSION = 5.0;
				TARGETED_DEVICE_FAMILY = "1,2";
				TEST_TARGET_NAME = Caretaker;
			};
			name = Debug;
		};
		8BA499972EBBE329008B3F9B /* Release */ = {
			isa = XCBuildConfiguration;
			buildSettings = {
				CODE_SIGN_STYLE = Automatic;
				CURRENT_PROJECT_VERSION = 1;
				GENERATE_INFOPLIST_FILE = YES;
				MARKETING_VERSION = 1.0;
				PRODUCT_BUNDLE_IDENTIFIER = cse321.CaretakerUITests;
				PRODUCT_NAME = "$(TARGET_NAME)";
				SWIFT_EMIT_LOC_STRINGS = NO;
				SWIFT_VERSION = 5.0;
				TARGETED_DEVICE_FAMILY = "1,2";
				TEST_TARGET_NAME = Caretaker;
			};
			name = Release;
		};
/* End XCBuildConfiguration section */

/* Begin XCConfigurationList section */
		8BA499692EBBE327008B3F9B /* Build configuration list for PBXProject "Caretaker" */ = {
			isa = XCConfigurationList;
			buildConfigurations = (
				8BA4998D2EBBE329008B3F9B /* Debug */,
				8BA4998E2EBBE329008B3F9B /* Release */,
			);
			defaultConfigurationIsVisible = 0;
			defaultConfigurationName = Release;
		};
		8BA4998F2EBBE329008B3F9B /* Build configuration list for PBXNativeTarget "Caretaker" */ = {
			isa = XCConfigurationList;
			buildConfigurations = (
				8BA499902EBBE329008B3F9B /* Debug */,
				8BA499912EBBE329008B3F9B /* Release */,
			);
			defaultConfigurationIsVisible = 0;
			defaultConfigurationName = Release;
		};
		8BA499922EBBE329008B3F9B /* Build configuration list for PBXNativeTarget "CaretakerTests" */ = {
			isa = XCConfigurationList;
			buildConfigurations = (
				8BA499932EBBE329008B3F9B /* Debug */,
				8BA499942EBBE329008B3F9B /* Release */,
			);
			defaultConfigurationIsVisible = 0;
			defaultConfigurationName = Release;
		};
		8BA499952EBBE329008B3F9B /* Build configuration list for PBXNativeTarget "CaretakerUITests" */ = {
			isa = XCConfigurationList;
			buildConfigurations = (
				8BA499962EBBE329008B3F9B /* Debug */,
				8BA499972EBBE329008B3F9B /* Release */,
			);
			defaultConfigurationIsVisible = 0;
			defaultConfigurationName = Release;
		};
/* End XCConfigurationList section */
	};
	rootObject = 8BA499662EBBE327008B3F9B /* Project object */;
}
